// !$*UTF8*$!
{
	archiveVersion = 1;
	classes = {
	};
	objectVersion = 56;
	objects = {

/* Begin PBXBuildFile section */
		300C3C72291D8DAC001EE658 /* CharactersRequest.swift in Sources */ = {isa = PBXBuildFile; fileRef = 300C3C71291D8DAC001EE658 /* CharactersRequest.swift */; };
		300C3C74291D8FD8001EE658 /* Endpoints.swift in Sources */ = {isa = PBXBuildFile; fileRef = 300C3C73291D8FD8001EE658 /* Endpoints.swift */; };
		300C3C7B291D960A001EE658 /* Main.storyboard in Resources */ = {isa = PBXBuildFile; fileRef = 300C3C7A291D960A001EE658 /* Main.storyboard */; };
		300C3C86291D970B001EE658 /* ResourceList.swift in Sources */ = {isa = PBXBuildFile; fileRef = 300C3C7C291D970B001EE658 /* ResourceList.swift */; };
		300C3C8A291D970B001EE658 /* Thumbnail.swift in Sources */ = {isa = PBXBuildFile; fileRef = 300C3C80291D970B001EE658 /* Thumbnail.swift */; };
		300C3C8B291D970B001EE658 /* CharacterDataContainer.swift in Sources */ = {isa = PBXBuildFile; fileRef = 300C3C81291D970B001EE658 /* CharacterDataContainer.swift */; };
		300C3C8D291D970B001EE658 /* Character.swift in Sources */ = {isa = PBXBuildFile; fileRef = 300C3C83291D970B001EE658 /* Character.swift */; };
		300C3C8E291D970B001EE658 /* ResourceItem.swift in Sources */ = {isa = PBXBuildFile; fileRef = 300C3C84291D970B001EE658 /* ResourceItem.swift */; };
		300C3C8F291D970B001EE658 /* URLElement.swift in Sources */ = {isa = PBXBuildFile; fileRef = 300C3C85291D970B001EE658 /* URLElement.swift */; };
		300C3C91291D9775001EE658 /* MarvelResponse.swift in Sources */ = {isa = PBXBuildFile; fileRef = 300C3C90291D9775001EE658 /* MarvelResponse.swift */; };
		300C3C94291D9B11001EE658 /* CharactersService.swift in Sources */ = {isa = PBXBuildFile; fileRef = 300C3C93291D9B11001EE658 /* CharactersService.swift */; };
		300C3C97291DA53A001EE658 /* MarvelAuthenticator.swift in Sources */ = {isa = PBXBuildFile; fileRef = 300C3C96291DA53A001EE658 /* MarvelAuthenticator.swift */; };
		3014D027291C6BD4002E322C /* ApiError.swift in Sources */ = {isa = PBXBuildFile; fileRef = 3014D026291C6BD4002E322C /* ApiError.swift */; };
		3014D029291CE1FA002E322C /* ServiceManager.swift in Sources */ = {isa = PBXBuildFile; fileRef = 3014D028291CE1FA002E322C /* ServiceManager.swift */; };
		30157990291BFE2500F8238E /* RequestRouter.swift in Sources */ = {isa = PBXBuildFile; fileRef = 3015798F291BFE2500F8238E /* RequestRouter.swift */; };
		30375E9A291C05C300C53B82 /* Readme.md in Resources */ = {isa = PBXBuildFile; fileRef = 30375E99291C05C300C53B82 /* Readme.md */; };
		30562A3E291C0C8900B15949 /* Environment.swift in Sources */ = {isa = PBXBuildFile; fileRef = 30562A3D291C0C8900B15949 /* Environment.swift */; };
		30F1C479291E5548000F1F06 /* Kingfisher in Frameworks */ = {isa = PBXBuildFile; productRef = 30F1C478291E5548000F1F06 /* Kingfisher */; };
		30F1C47B291E9E75000F1F06 /* ServiceAuthenticator.swift in Sources */ = {isa = PBXBuildFile; fileRef = 30F1C47A291E9E75000F1F06 /* ServiceAuthenticator.swift */; };
		30F1C47E291F9524000F1F06 /* CharacterCollectionViewController.swift in Sources */ = {isa = PBXBuildFile; fileRef = 30F1C47D291F9524000F1F06 /* CharacterCollectionViewController.swift */; };
		30F1C480291F9561000F1F06 /* CharacterCollectionViewModel.swift in Sources */ = {isa = PBXBuildFile; fileRef = 30F1C47F291F9561000F1F06 /* CharacterCollectionViewModel.swift */; };
		30F1C483291FA504000F1F06 /* CharacterCollectionViewCell.swift in Sources */ = {isa = PBXBuildFile; fileRef = 30F1C482291FA504000F1F06 /* CharacterCollectionViewCell.swift */; };
		30F1C486291FAC28000F1F06 /* StrokeTextLabel.swift in Sources */ = {isa = PBXBuildFile; fileRef = 30F1C485291FAC28000F1F06 /* StrokeTextLabel.swift */; };
		30F1C48C291FAE2F000F1F06 /* Marvel-Italic.ttf in Resources */ = {isa = PBXBuildFile; fileRef = 30F1C488291FAE2E000F1F06 /* Marvel-Italic.ttf */; };
		30F1C48D291FAE2F000F1F06 /* Marvel-Bold.ttf in Resources */ = {isa = PBXBuildFile; fileRef = 30F1C489291FAE2F000F1F06 /* Marvel-Bold.ttf */; };
		30F1C48E291FAE2F000F1F06 /* Marvel-BoldItalic.ttf in Resources */ = {isa = PBXBuildFile; fileRef = 30F1C48A291FAE2F000F1F06 /* Marvel-BoldItalic.ttf */; };
		30F1C48F291FAE2F000F1F06 /* Marvel-Regular.ttf in Resources */ = {isa = PBXBuildFile; fileRef = 30F1C48B291FAE2F000F1F06 /* Marvel-Regular.ttf */; };
		30F1C492291FE279000F1F06 /* CharacterDetailViewController.swift in Sources */ = {isa = PBXBuildFile; fileRef = 30F1C491291FE279000F1F06 /* CharacterDetailViewController.swift */; };
		30F1C494291FE294000F1F06 /* CharacterDetailViewModel.swift in Sources */ = {isa = PBXBuildFile; fileRef = 30F1C493291FE294000F1F06 /* CharacterDetailViewModel.swift */; };
		30F1C498292012B1000F1F06 /* DependencyManager.swift in Sources */ = {isa = PBXBuildFile; fileRef = 30F1C497292012B1000F1F06 /* DependencyManager.swift */; };
		30F1C49A292014B9000F1F06 /* ViewModelFactory.swift in Sources */ = {isa = PBXBuildFile; fileRef = 30F1C499292014B9000F1F06 /* ViewModelFactory.swift */; };
		30F1C49C29202281000F1F06 /* ViewControllerFactory.swift in Sources */ = {isa = PBXBuildFile; fileRef = 30F1C49B29202281000F1F06 /* ViewControllerFactory.swift */; };
		30F47C872919A38C00ADD0EA /* AppDelegate.swift in Sources */ = {isa = PBXBuildFile; fileRef = 30F47C862919A38C00ADD0EA /* AppDelegate.swift */; };
		30F47C892919A38C00ADD0EA /* SceneDelegate.swift in Sources */ = {isa = PBXBuildFile; fileRef = 30F47C882919A38C00ADD0EA /* SceneDelegate.swift */; };
		30F47C902919A38E00ADD0EA /* Assets.xcassets in Resources */ = {isa = PBXBuildFile; fileRef = 30F47C8F2919A38E00ADD0EA /* Assets.xcassets */; };
		30F47C932919A38E00ADD0EA /* LaunchScreen.storyboard in Resources */ = {isa = PBXBuildFile; fileRef = 30F47C912919A38E00ADD0EA /* LaunchScreen.storyboard */; };
		30F47C9E2919A38E00ADD0EA /* MarvelChallengeTests.swift in Sources */ = {isa = PBXBuildFile; fileRef = 30F47C9D2919A38E00ADD0EA /* MarvelChallengeTests.swift */; };
		30F47CA82919A38E00ADD0EA /* MarvelChallengeUITests.swift in Sources */ = {isa = PBXBuildFile; fileRef = 30F47CA72919A38E00ADD0EA /* MarvelChallengeUITests.swift */; };
		30F47CAA2919A38E00ADD0EA /* MarvelChallengeUITestsLaunchTests.swift in Sources */ = {isa = PBXBuildFile; fileRef = 30F47CA92919A38E00ADD0EA /* MarvelChallengeUITestsLaunchTests.swift */; };
/* End PBXBuildFile section */

/* Begin PBXContainerItemProxy section */
		30F47C9A2919A38E00ADD0EA /* PBXContainerItemProxy */ = {
			isa = PBXContainerItemProxy;
			containerPortal = 30F47C7B2919A38C00ADD0EA /* Project object */;
			proxyType = 1;
			remoteGlobalIDString = 30F47C822919A38C00ADD0EA;
			remoteInfo = MarvelChallenge;
		};
		30F47CA42919A38E00ADD0EA /* PBXContainerItemProxy */ = {
			isa = PBXContainerItemProxy;
			containerPortal = 30F47C7B2919A38C00ADD0EA /* Project object */;
			proxyType = 1;
			remoteGlobalIDString = 30F47C822919A38C00ADD0EA;
			remoteInfo = MarvelChallenge;
		};
/* End PBXContainerItemProxy section */

/* Begin PBXFileReference section */
		300C3C71291D8DAC001EE658 /* CharactersRequest.swift */ = {isa = PBXFileReference; lastKnownFileType = sourcecode.swift; path = CharactersRequest.swift; sourceTree = "<group>"; };
		300C3C73291D8FD8001EE658 /* Endpoints.swift */ = {isa = PBXFileReference; lastKnownFileType = sourcecode.swift; path = Endpoints.swift; sourceTree = "<group>"; };
		300C3C7A291D960A001EE658 /* Main.storyboard */ = {isa = PBXFileReference; lastKnownFileType = file.storyboard; path = Main.storyboard; sourceTree = "<group>"; };
		300C3C7C291D970B001EE658 /* ResourceList.swift */ = {isa = PBXFileReference; fileEncoding = 4; lastKnownFileType = sourcecode.swift; path = ResourceList.swift; sourceTree = "<group>"; };
		300C3C80291D970B001EE658 /* Thumbnail.swift */ = {isa = PBXFileReference; fileEncoding = 4; lastKnownFileType = sourcecode.swift; path = Thumbnail.swift; sourceTree = "<group>"; };
		300C3C81291D970B001EE658 /* CharacterDataContainer.swift */ = {isa = PBXFileReference; fileEncoding = 4; lastKnownFileType = sourcecode.swift; path = CharacterDataContainer.swift; sourceTree = "<group>"; };
		300C3C83291D970B001EE658 /* Character.swift */ = {isa = PBXFileReference; fileEncoding = 4; lastKnownFileType = sourcecode.swift; path = Character.swift; sourceTree = "<group>"; };
		300C3C84291D970B001EE658 /* ResourceItem.swift */ = {isa = PBXFileReference; fileEncoding = 4; lastKnownFileType = sourcecode.swift; path = ResourceItem.swift; sourceTree = "<group>"; };
		300C3C85291D970B001EE658 /* URLElement.swift */ = {isa = PBXFileReference; fileEncoding = 4; lastKnownFileType = sourcecode.swift; path = URLElement.swift; sourceTree = "<group>"; };
		300C3C90291D9775001EE658 /* MarvelResponse.swift */ = {isa = PBXFileReference; lastKnownFileType = sourcecode.swift; path = MarvelResponse.swift; sourceTree = "<group>"; };
		300C3C93291D9B11001EE658 /* CharactersService.swift */ = {isa = PBXFileReference; lastKnownFileType = sourcecode.swift; path = CharactersService.swift; sourceTree = "<group>"; };
		300C3C96291DA53A001EE658 /* MarvelAuthenticator.swift */ = {isa = PBXFileReference; lastKnownFileType = sourcecode.swift; path = MarvelAuthenticator.swift; sourceTree = "<group>"; };
		3014D026291C6BD4002E322C /* ApiError.swift */ = {isa = PBXFileReference; lastKnownFileType = sourcecode.swift; path = ApiError.swift; sourceTree = "<group>"; };
		3014D028291CE1FA002E322C /* ServiceManager.swift */ = {isa = PBXFileReference; lastKnownFileType = sourcecode.swift; path = ServiceManager.swift; sourceTree = "<group>"; };
		3015798F291BFE2500F8238E /* RequestRouter.swift */ = {isa = PBXFileReference; lastKnownFileType = sourcecode.swift; path = RequestRouter.swift; sourceTree = "<group>"; };
		30157991291BFFF100F8238E /* ProConfig.xcconfig */ = {isa = PBXFileReference; lastKnownFileType = text.xcconfig; path = ProConfig.xcconfig; sourceTree = "<group>"; };
		30375E99291C05C300C53B82 /* Readme.md */ = {isa = PBXFileReference; lastKnownFileType = net.daringfireball.markdown; path = Readme.md; sourceTree = "<group>"; };
		30562A3D291C0C8900B15949 /* Environment.swift */ = {isa = PBXFileReference; lastKnownFileType = sourcecode.swift; path = Environment.swift; sourceTree = "<group>"; };
		30F1C47A291E9E75000F1F06 /* ServiceAuthenticator.swift */ = {isa = PBXFileReference; lastKnownFileType = sourcecode.swift; path = ServiceAuthenticator.swift; sourceTree = "<group>"; };
		30F1C47D291F9524000F1F06 /* CharacterCollectionViewController.swift */ = {isa = PBXFileReference; lastKnownFileType = sourcecode.swift; path = CharacterCollectionViewController.swift; sourceTree = "<group>"; };
		30F1C47F291F9561000F1F06 /* CharacterCollectionViewModel.swift */ = {isa = PBXFileReference; lastKnownFileType = sourcecode.swift; path = CharacterCollectionViewModel.swift; sourceTree = "<group>"; };
		30F1C482291FA504000F1F06 /* CharacterCollectionViewCell.swift */ = {isa = PBXFileReference; lastKnownFileType = sourcecode.swift; path = CharacterCollectionViewCell.swift; sourceTree = "<group>"; };
		30F1C485291FAC28000F1F06 /* StrokeTextLabel.swift */ = {isa = PBXFileReference; lastKnownFileType = sourcecode.swift; path = StrokeTextLabel.swift; sourceTree = "<group>"; };
		30F1C488291FAE2E000F1F06 /* Marvel-Italic.ttf */ = {isa = PBXFileReference; lastKnownFileType = file; path = "Marvel-Italic.ttf"; sourceTree = "<group>"; };
		30F1C489291FAE2F000F1F06 /* Marvel-Bold.ttf */ = {isa = PBXFileReference; lastKnownFileType = file; path = "Marvel-Bold.ttf"; sourceTree = "<group>"; };
		30F1C48A291FAE2F000F1F06 /* Marvel-BoldItalic.ttf */ = {isa = PBXFileReference; lastKnownFileType = file; path = "Marvel-BoldItalic.ttf"; sourceTree = "<group>"; };
		30F1C48B291FAE2F000F1F06 /* Marvel-Regular.ttf */ = {isa = PBXFileReference; lastKnownFileType = file; path = "Marvel-Regular.ttf"; sourceTree = "<group>"; };
		30F1C491291FE279000F1F06 /* CharacterDetailViewController.swift */ = {isa = PBXFileReference; lastKnownFileType = sourcecode.swift; path = CharacterDetailViewController.swift; sourceTree = "<group>"; };
		30F1C493291FE294000F1F06 /* CharacterDetailViewModel.swift */ = {isa = PBXFileReference; lastKnownFileType = sourcecode.swift; path = CharacterDetailViewModel.swift; sourceTree = "<group>"; };
		30F1C497292012B1000F1F06 /* DependencyManager.swift */ = {isa = PBXFileReference; lastKnownFileType = sourcecode.swift; path = DependencyManager.swift; sourceTree = "<group>"; };
		30F1C499292014B9000F1F06 /* ViewModelFactory.swift */ = {isa = PBXFileReference; lastKnownFileType = sourcecode.swift; path = ViewModelFactory.swift; sourceTree = "<group>"; };
		30F1C49B29202281000F1F06 /* ViewControllerFactory.swift */ = {isa = PBXFileReference; lastKnownFileType = sourcecode.swift; path = ViewControllerFactory.swift; sourceTree = "<group>"; };
		30F47C832919A38C00ADD0EA /* MarvelChallenge.app */ = {isa = PBXFileReference; explicitFileType = wrapper.application; includeInIndex = 0; path = MarvelChallenge.app; sourceTree = BUILT_PRODUCTS_DIR; };
		30F47C862919A38C00ADD0EA /* AppDelegate.swift */ = {isa = PBXFileReference; lastKnownFileType = sourcecode.swift; path = AppDelegate.swift; sourceTree = "<group>"; };
		30F47C882919A38C00ADD0EA /* SceneDelegate.swift */ = {isa = PBXFileReference; lastKnownFileType = sourcecode.swift; path = SceneDelegate.swift; sourceTree = "<group>"; };
		30F47C8F2919A38E00ADD0EA /* Assets.xcassets */ = {isa = PBXFileReference; lastKnownFileType = folder.assetcatalog; path = Assets.xcassets; sourceTree = "<group>"; };
		30F47C922919A38E00ADD0EA /* Base */ = {isa = PBXFileReference; lastKnownFileType = file.storyboard; name = Base; path = Base.lproj/LaunchScreen.storyboard; sourceTree = "<group>"; };
		30F47C942919A38E00ADD0EA /* Info.plist */ = {isa = PBXFileReference; lastKnownFileType = text.plist.xml; path = Info.plist; sourceTree = "<group>"; };
		30F47C992919A38E00ADD0EA /* MarvelChallengeTests.xctest */ = {isa = PBXFileReference; explicitFileType = wrapper.cfbundle; includeInIndex = 0; path = MarvelChallengeTests.xctest; sourceTree = BUILT_PRODUCTS_DIR; };
		30F47C9D2919A38E00ADD0EA /* MarvelChallengeTests.swift */ = {isa = PBXFileReference; lastKnownFileType = sourcecode.swift; path = MarvelChallengeTests.swift; sourceTree = "<group>"; };
		30F47CA32919A38E00ADD0EA /* MarvelChallengeUITests.xctest */ = {isa = PBXFileReference; explicitFileType = wrapper.cfbundle; includeInIndex = 0; path = MarvelChallengeUITests.xctest; sourceTree = BUILT_PRODUCTS_DIR; };
		30F47CA72919A38E00ADD0EA /* MarvelChallengeUITests.swift */ = {isa = PBXFileReference; lastKnownFileType = sourcecode.swift; path = MarvelChallengeUITests.swift; sourceTree = "<group>"; };
		30F47CA92919A38E00ADD0EA /* MarvelChallengeUITestsLaunchTests.swift */ = {isa = PBXFileReference; lastKnownFileType = sourcecode.swift; path = MarvelChallengeUITestsLaunchTests.swift; sourceTree = "<group>"; };
/* End PBXFileReference section */

/* Begin PBXFrameworksBuildPhase section */
		30F47C802919A38C00ADD0EA /* Frameworks */ = {
			isa = PBXFrameworksBuildPhase;
			buildActionMask = 2147483647;
			files = (
				30F1C479291E5548000F1F06 /* Kingfisher in Frameworks */,
			);
			runOnlyForDeploymentPostprocessing = 0;
		};
		30F47C962919A38E00ADD0EA /* Frameworks */ = {
			isa = PBXFrameworksBuildPhase;
			buildActionMask = 2147483647;
			files = (
			);
			runOnlyForDeploymentPostprocessing = 0;
		};
		30F47CA02919A38E00ADD0EA /* Frameworks */ = {
			isa = PBXFrameworksBuildPhase;
			buildActionMask = 2147483647;
			files = (
			);
			runOnlyForDeploymentPostprocessing = 0;
		};
/* End PBXFrameworksBuildPhase section */

/* Begin PBXGroup section */
		300C3C92291D97F3001EE658 /* Characters */ = {
			isa = PBXGroup;
			children = (
				300C3C81291D970B001EE658 /* CharacterDataContainer.swift */,
				300C3C83291D970B001EE658 /* Character.swift */,
				300C3C7C291D970B001EE658 /* ResourceList.swift */,
				300C3C84291D970B001EE658 /* ResourceItem.swift */,
				300C3C80291D970B001EE658 /* Thumbnail.swift */,
				300C3C85291D970B001EE658 /* URLElement.swift */,
			);
			path = Characters;
			sourceTree = "<group>";
		};
		300C3C95291D9CD4001EE658 /* Config */ = {
			isa = PBXGroup;
			children = (
				30562A3D291C0C8900B15949 /* Environment.swift */,
				300C3C73291D8FD8001EE658 /* Endpoints.swift */,
			);
			path = Config;
			sourceTree = "<group>";
		};
		3014D024291C6B63002E322C /* Core */ = {
			isa = PBXGroup;
			children = (
				3014D026291C6BD4002E322C /* ApiError.swift */,
				3015798F291BFE2500F8238E /* RequestRouter.swift */,
				3014D028291CE1FA002E322C /* ServiceManager.swift */,
				30F1C47A291E9E75000F1F06 /* ServiceAuthenticator.swift */,
			);
			path = Core;
			sourceTree = "<group>";
		};
		3014D025291C6B89002E322C /* Services */ = {
			isa = PBXGroup;
			children = (
				300C3C96291DA53A001EE658 /* MarvelAuthenticator.swift */,
				300C3C71291D8DAC001EE658 /* CharactersRequest.swift */,
				300C3C93291D9B11001EE658 /* CharactersService.swift */,
			);
			path = Services;
			sourceTree = "<group>";
		};
		30157992291BFFF800F8238E /* Config */ = {
			isa = PBXGroup;
			children = (
				30F47C942919A38E00ADD0EA /* Info.plist */,
				30157991291BFFF100F8238E /* ProConfig.xcconfig */,
			);
			path = Config;
			sourceTree = "<group>";
		};
		30BDD1B92919A965005F067C /* App delegate */ = {
			isa = PBXGroup;
			children = (
				30F47C862919A38C00ADD0EA /* AppDelegate.swift */,
				30F47C882919A38C00ADD0EA /* SceneDelegate.swift */,
			);
			path = "App delegate";
			sourceTree = "<group>";
		};
		30BDD1BA2919A971005F067C /* Model */ = {
			isa = PBXGroup;
			children = (
				300C3C90291D9775001EE658 /* MarvelResponse.swift */,
				300C3C92291D97F3001EE658 /* Characters */,
			);
			path = Model;
			sourceTree = "<group>";
		};
		30BDD1BB2919A97E005F067C /* Scenes */ = {
			isa = PBXGroup;
			children = (
				30F1C47C291F9509000F1F06 /* Character Collection */,
				30F1C490291FD800000F1F06 /* Character Detail */,
			);
			path = Scenes;
			sourceTree = "<group>";
		};
		30BDD1BC2919A9A3005F067C /* Resources */ = {
			isa = PBXGroup;
			children = (
				30F1C487291FAE1E000F1F06 /* Font */,
				30F47C8F2919A38E00ADD0EA /* Assets.xcassets */,
			);
			path = Resources;
			sourceTree = "<group>";
		};
		30F1C47C291F9509000F1F06 /* Character Collection */ = {
			isa = PBXGroup;
			children = (
				30F1C481291FA4EB000F1F06 /* Cells */,
				30F1C47D291F9524000F1F06 /* CharacterCollectionViewController.swift */,
				30F1C47F291F9561000F1F06 /* CharacterCollectionViewModel.swift */,
			);
			path = "Character Collection";
			sourceTree = "<group>";
		};
		30F1C481291FA4EB000F1F06 /* Cells */ = {
			isa = PBXGroup;
			children = (
				30F1C482291FA504000F1F06 /* CharacterCollectionViewCell.swift */,
			);
			path = Cells;
			sourceTree = "<group>";
		};
		30F1C484291FAC14000F1F06 /* Extensions */ = {
			isa = PBXGroup;
			children = (
				30F1C485291FAC28000F1F06 /* StrokeTextLabel.swift */,
			);
			path = Extensions;
			sourceTree = "<group>";
		};
		30F1C487291FAE1E000F1F06 /* Font */ = {
			isa = PBXGroup;
			children = (
				30F1C489291FAE2F000F1F06 /* Marvel-Bold.ttf */,
				30F1C48A291FAE2F000F1F06 /* Marvel-BoldItalic.ttf */,
				30F1C488291FAE2E000F1F06 /* Marvel-Italic.ttf */,
				30F1C48B291FAE2F000F1F06 /* Marvel-Regular.ttf */,
			);
			path = Font;
			sourceTree = "<group>";
		};
		30F1C490291FD800000F1F06 /* Character Detail */ = {
			isa = PBXGroup;
			children = (
				30F1C491291FE279000F1F06 /* CharacterDetailViewController.swift */,
				30F1C493291FE294000F1F06 /* CharacterDetailViewModel.swift */,
			);
			path = "Character Detail";
			sourceTree = "<group>";
		};
		30F1C49629201287000F1F06 /* Dependency management */ = {
			isa = PBXGroup;
			children = (
				30F1C497292012B1000F1F06 /* DependencyManager.swift */,
				30F1C499292014B9000F1F06 /* ViewModelFactory.swift */,
				30F1C49B29202281000F1F06 /* ViewControllerFactory.swift */,
			);
			path = "Dependency management";
			sourceTree = "<group>";
		};
		30F47C7A2919A38C00ADD0EA = {
			isa = PBXGroup;
			children = (
				30F47C852919A38C00ADD0EA /* MarvelChallenge */,
				30F47C9C2919A38E00ADD0EA /* MarvelChallengeTests */,
				30F47CA62919A38E00ADD0EA /* MarvelChallengeUITests */,
				30F47C842919A38C00ADD0EA /* Products */,
			);
			sourceTree = "<group>";
		};
		30F47C842919A38C00ADD0EA /* Products */ = {
			isa = PBXGroup;
			children = (
				30F47C832919A38C00ADD0EA /* MarvelChallenge.app */,
				30F47C992919A38E00ADD0EA /* MarvelChallengeTests.xctest */,
				30F47CA32919A38E00ADD0EA /* MarvelChallengeUITests.xctest */,
			);
			name = Products;
			sourceTree = "<group>";
		};
		30F47C852919A38C00ADD0EA /* MarvelChallenge */ = {
			isa = PBXGroup;
			children = (
				30F1C49629201287000F1F06 /* Dependency management */,
				30F47CB72919A89700ADD0EA /* Network Layer */,
				30BDD1BA2919A971005F067C /* Model */,
				30BDD1BB2919A97E005F067C /* Scenes */,
				30F1C484291FAC14000F1F06 /* Extensions */,
				30BDD1B92919A965005F067C /* App delegate */,
				30F47CB62919A6B100ADD0EA /* Storyboards */,
				30BDD1BC2919A9A3005F067C /* Resources */,
				30157992291BFFF800F8238E /* Config */,
				30375E99291C05C300C53B82 /* Readme.md */,
			);
			path = MarvelChallenge;
			sourceTree = "<group>";
		};
		30F47C9C2919A38E00ADD0EA /* MarvelChallengeTests */ = {
			isa = PBXGroup;
			children = (
				30F47C9D2919A38E00ADD0EA /* MarvelChallengeTests.swift */,
			);
			path = MarvelChallengeTests;
			sourceTree = "<group>";
		};
		30F47CA62919A38E00ADD0EA /* MarvelChallengeUITests */ = {
			isa = PBXGroup;
			children = (
				30F47CA72919A38E00ADD0EA /* MarvelChallengeUITests.swift */,
				30F47CA92919A38E00ADD0EA /* MarvelChallengeUITestsLaunchTests.swift */,
			);
			path = MarvelChallengeUITests;
			sourceTree = "<group>";
		};
		30F47CB62919A6B100ADD0EA /* Storyboards */ = {
			isa = PBXGroup;
			children = (
				300C3C7A291D960A001EE658 /* Main.storyboard */,
				30F47C912919A38E00ADD0EA /* LaunchScreen.storyboard */,
			);
			path = Storyboards;
			sourceTree = "<group>";
		};
		30F47CB72919A89700ADD0EA /* Network Layer */ = {
			isa = PBXGroup;
			children = (
				3014D025291C6B89002E322C /* Services */,
				300C3C95291D9CD4001EE658 /* Config */,
				3014D024291C6B63002E322C /* Core */,
			);
			path = "Network Layer";
			sourceTree = "<group>";
		};
/* End PBXGroup section */

/* Begin PBXNativeTarget section */
		30F47C822919A38C00ADD0EA /* MarvelChallenge */ = {
			isa = PBXNativeTarget;
			buildConfigurationList = 30F47CAD2919A38E00ADD0EA /* Build configuration list for PBXNativeTarget "MarvelChallenge" */;
			buildPhases = (
				30F47C7F2919A38C00ADD0EA /* Sources */,
				30F47C802919A38C00ADD0EA /* Frameworks */,
				30F47C812919A38C00ADD0EA /* Resources */,
			);
			buildRules = (
			);
			dependencies = (
			);
			name = MarvelChallenge;
			packageProductDependencies = (
				30F1C478291E5548000F1F06 /* Kingfisher */,
			);
			productName = MarvelChallenge;
			productReference = 30F47C832919A38C00ADD0EA /* MarvelChallenge.app */;
			productType = "com.apple.product-type.application";
		};
		30F47C982919A38E00ADD0EA /* MarvelChallengeTests */ = {
			isa = PBXNativeTarget;
			buildConfigurationList = 30F47CB02919A38E00ADD0EA /* Build configuration list for PBXNativeTarget "MarvelChallengeTests" */;
			buildPhases = (
				30F47C952919A38E00ADD0EA /* Sources */,
				30F47C962919A38E00ADD0EA /* Frameworks */,
				30F47C972919A38E00ADD0EA /* Resources */,
			);
			buildRules = (
			);
			dependencies = (
				30F47C9B2919A38E00ADD0EA /* PBXTargetDependency */,
			);
			name = MarvelChallengeTests;
			productName = MarvelChallengeTests;
			productReference = 30F47C992919A38E00ADD0EA /* MarvelChallengeTests.xctest */;
			productType = "com.apple.product-type.bundle.unit-test";
		};
		30F47CA22919A38E00ADD0EA /* MarvelChallengeUITests */ = {
			isa = PBXNativeTarget;
			buildConfigurationList = 30F47CB32919A38E00ADD0EA /* Build configuration list for PBXNativeTarget "MarvelChallengeUITests" */;
			buildPhases = (
				30F47C9F2919A38E00ADD0EA /* Sources */,
				30F47CA02919A38E00ADD0EA /* Frameworks */,
				30F47CA12919A38E00ADD0EA /* Resources */,
			);
			buildRules = (
			);
			dependencies = (
				30F47CA52919A38E00ADD0EA /* PBXTargetDependency */,
			);
			name = MarvelChallengeUITests;
			productName = MarvelChallengeUITests;
			productReference = 30F47CA32919A38E00ADD0EA /* MarvelChallengeUITests.xctest */;
			productType = "com.apple.product-type.bundle.ui-testing";
		};
/* End PBXNativeTarget section */

/* Begin PBXProject section */
		30F47C7B2919A38C00ADD0EA /* Project object */ = {
			isa = PBXProject;
			attributes = {
				BuildIndependentTargetsInParallel = 1;
				LastSwiftUpdateCheck = 1410;
				LastUpgradeCheck = 1410;
				TargetAttributes = {
					30F47C822919A38C00ADD0EA = {
						CreatedOnToolsVersion = 14.1;
					};
					30F47C982919A38E00ADD0EA = {
						CreatedOnToolsVersion = 14.1;
						TestTargetID = 30F47C822919A38C00ADD0EA;
					};
					30F47CA22919A38E00ADD0EA = {
						CreatedOnToolsVersion = 14.1;
						TestTargetID = 30F47C822919A38C00ADD0EA;
					};
				};
			};
			buildConfigurationList = 30F47C7E2919A38C00ADD0EA /* Build configuration list for PBXProject "MarvelChallenge" */;
			compatibilityVersion = "Xcode 14.0";
			developmentRegion = en;
			hasScannedForEncodings = 0;
			knownRegions = (
				en,
				Base,
			);
			mainGroup = 30F47C7A2919A38C00ADD0EA;
			packageReferences = (
				30F1C477291E5548000F1F06 /* XCRemoteSwiftPackageReference "Kingfisher" */,
			);
			productRefGroup = 30F47C842919A38C00ADD0EA /* Products */;
			projectDirPath = "";
			projectRoot = "";
			targets = (
				30F47C822919A38C00ADD0EA /* MarvelChallenge */,
				30F47C982919A38E00ADD0EA /* MarvelChallengeTests */,
				30F47CA22919A38E00ADD0EA /* MarvelChallengeUITests */,
			);
		};
/* End PBXProject section */

/* Begin PBXResourcesBuildPhase section */
		30F47C812919A38C00ADD0EA /* Resources */ = {
			isa = PBXResourcesBuildPhase;
			buildActionMask = 2147483647;
			files = (
				30F1C48C291FAE2F000F1F06 /* Marvel-Italic.ttf in Resources */,
				30F47C932919A38E00ADD0EA /* LaunchScreen.storyboard in Resources */,
				30F1C48D291FAE2F000F1F06 /* Marvel-Bold.ttf in Resources */,
				30F1C48E291FAE2F000F1F06 /* Marvel-BoldItalic.ttf in Resources */,
				30F1C48F291FAE2F000F1F06 /* Marvel-Regular.ttf in Resources */,
				30F47C902919A38E00ADD0EA /* Assets.xcassets in Resources */,
				30375E9A291C05C300C53B82 /* Readme.md in Resources */,
				300C3C7B291D960A001EE658 /* Main.storyboard in Resources */,
			);
			runOnlyForDeploymentPostprocessing = 0;
		};
		30F47C972919A38E00ADD0EA /* Resources */ = {
			isa = PBXResourcesBuildPhase;
			buildActionMask = 2147483647;
			files = (
			);
			runOnlyForDeploymentPostprocessing = 0;
		};
		30F47CA12919A38E00ADD0EA /* Resources */ = {
			isa = PBXResourcesBuildPhase;
			buildActionMask = 2147483647;
			files = (
			);
			runOnlyForDeploymentPostprocessing = 0;
		};
/* End PBXResourcesBuildPhase section */

/* Begin PBXSourcesBuildPhase section */
		30F47C7F2919A38C00ADD0EA /* Sources */ = {
			isa = PBXSourcesBuildPhase;
			buildActionMask = 2147483647;
			files = (
				30F1C483291FA504000F1F06 /* CharacterCollectionViewCell.swift in Sources */,
				30F1C49A292014B9000F1F06 /* ViewModelFactory.swift in Sources */,
				300C3C8F291D970B001EE658 /* URLElement.swift in Sources */,
				30F1C498292012B1000F1F06 /* DependencyManager.swift in Sources */,
				300C3C8D291D970B001EE658 /* Character.swift in Sources */,
				30F47C872919A38C00ADD0EA /* AppDelegate.swift in Sources */,
				30F1C47E291F9524000F1F06 /* CharacterCollectionViewController.swift in Sources */,
				30F47C892919A38C00ADD0EA /* SceneDelegate.swift in Sources */,
				300C3C72291D8DAC001EE658 /* CharactersRequest.swift in Sources */,
				300C3C97291DA53A001EE658 /* MarvelAuthenticator.swift in Sources */,
				30157990291BFE2500F8238E /* RequestRouter.swift in Sources */,
				30F1C47B291E9E75000F1F06 /* ServiceAuthenticator.swift in Sources */,
				300C3C8E291D970B001EE658 /* ResourceItem.swift in Sources */,
				300C3C86291D970B001EE658 /* ResourceList.swift in Sources */,
				300C3C8A291D970B001EE658 /* Thumbnail.swift in Sources */,
				30562A3E291C0C8900B15949 /* Environment.swift in Sources */,
				300C3C91291D9775001EE658 /* MarvelResponse.swift in Sources */,
				300C3C8B291D970B001EE658 /* CharacterDataContainer.swift in Sources */,
				3014D029291CE1FA002E322C /* ServiceManager.swift in Sources */,
				300C3C74291D8FD8001EE658 /* Endpoints.swift in Sources */,
				3014D027291C6BD4002E322C /* ApiError.swift in Sources */,
				30F1C49C29202281000F1F06 /* ViewControllerFactory.swift in Sources */,
				30F1C480291F9561000F1F06 /* CharacterCollectionViewModel.swift in Sources */,
				30F1C492291FE279000F1F06 /* CharacterDetailViewController.swift in Sources */,
				30F1C494291FE294000F1F06 /* CharacterDetailViewModel.swift in Sources */,
				300C3C94291D9B11001EE658 /* CharactersService.swift in Sources */,
				30F1C486291FAC28000F1F06 /* StrokeTextLabel.swift in Sources */,
			);
			runOnlyForDeploymentPostprocessing = 0;
		};
		30F47C952919A38E00ADD0EA /* Sources */ = {
			isa = PBXSourcesBuildPhase;
			buildActionMask = 2147483647;
			files = (
				30F47C9E2919A38E00ADD0EA /* MarvelChallengeTests.swift in Sources */,
			);
			runOnlyForDeploymentPostprocessing = 0;
		};
		30F47C9F2919A38E00ADD0EA /* Sources */ = {
			isa = PBXSourcesBuildPhase;
			buildActionMask = 2147483647;
			files = (
				30F47CA82919A38E00ADD0EA /* MarvelChallengeUITests.swift in Sources */,
				30F47CAA2919A38E00ADD0EA /* MarvelChallengeUITestsLaunchTests.swift in Sources */,
			);
			runOnlyForDeploymentPostprocessing = 0;
		};
/* End PBXSourcesBuildPhase section */

/* Begin PBXTargetDependency section */
		30F47C9B2919A38E00ADD0EA /* PBXTargetDependency */ = {
			isa = PBXTargetDependency;
			target = 30F47C822919A38C00ADD0EA /* MarvelChallenge */;
			targetProxy = 30F47C9A2919A38E00ADD0EA /* PBXContainerItemProxy */;
		};
		30F47CA52919A38E00ADD0EA /* PBXTargetDependency */ = {
			isa = PBXTargetDependency;
			target = 30F47C822919A38C00ADD0EA /* MarvelChallenge */;
			targetProxy = 30F47CA42919A38E00ADD0EA /* PBXContainerItemProxy */;
		};
/* End PBXTargetDependency section */

/* Begin PBXVariantGroup section */
		30F47C912919A38E00ADD0EA /* LaunchScreen.storyboard */ = {
			isa = PBXVariantGroup;
			children = (
				30F47C922919A38E00ADD0EA /* Base */,
			);
			name = LaunchScreen.storyboard;
			sourceTree = "<group>";
		};
/* End PBXVariantGroup section */

/* Begin XCBuildConfiguration section */
		30F47CAB2919A38E00ADD0EA /* Debug */ = {
			isa = XCBuildConfiguration;
			baseConfigurationReference = 30157991291BFFF100F8238E /* ProConfig.xcconfig */;
			buildSettings = {
				ALWAYS_SEARCH_USER_PATHS = NO;
				CLANG_ANALYZER_NONNULL = YES;
				CLANG_ANALYZER_NUMBER_OBJECT_CONVERSION = YES_AGGRESSIVE;
				CLANG_CXX_LANGUAGE_STANDARD = "gnu++20";
				CLANG_ENABLE_MODULES = YES;
				CLANG_ENABLE_OBJC_ARC = YES;
				CLANG_ENABLE_OBJC_WEAK = YES;
				CLANG_WARN_BLOCK_CAPTURE_AUTORELEASING = YES;
				CLANG_WARN_BOOL_CONVERSION = YES;
				CLANG_WARN_COMMA = YES;
				CLANG_WARN_CONSTANT_CONVERSION = YES;
				CLANG_WARN_DEPRECATED_OBJC_IMPLEMENTATIONS = YES;
				CLANG_WARN_DIRECT_OBJC_ISA_USAGE = YES_ERROR;
				CLANG_WARN_DOCUMENTATION_COMMENTS = YES;
				CLANG_WARN_EMPTY_BODY = YES;
				CLANG_WARN_ENUM_CONVERSION = YES;
				CLANG_WARN_INFINITE_RECURSION = YES;
				CLANG_WARN_INT_CONVERSION = YES;
				CLANG_WARN_NON_LITERAL_NULL_CONVERSION = YES;
				CLANG_WARN_OBJC_IMPLICIT_RETAIN_SELF = YES;
				CLANG_WARN_OBJC_LITERAL_CONVERSION = YES;
				CLANG_WARN_OBJC_ROOT_CLASS = YES_ERROR;
				CLANG_WARN_QUOTED_INCLUDE_IN_FRAMEWORK_HEADER = YES;
				CLANG_WARN_RANGE_LOOP_ANALYSIS = YES;
				CLANG_WARN_STRICT_PROTOTYPES = YES;
				CLANG_WARN_SUSPICIOUS_MOVE = YES;
				CLANG_WARN_UNGUARDED_AVAILABILITY = YES_AGGRESSIVE;
				CLANG_WARN_UNREACHABLE_CODE = YES;
				CLANG_WARN__DUPLICATE_METHOD_MATCH = YES;
				COPY_PHASE_STRIP = NO;
				DEBUG_INFORMATION_FORMAT = dwarf;
				ENABLE_STRICT_OBJC_MSGSEND = YES;
				ENABLE_TESTABILITY = YES;
				GCC_C_LANGUAGE_STANDARD = gnu11;
				GCC_DYNAMIC_NO_PIC = NO;
				GCC_NO_COMMON_BLOCKS = YES;
				GCC_OPTIMIZATION_LEVEL = 0;
				GCC_PREPROCESSOR_DEFINITIONS = (
					"DEBUG=1",
					"$(inherited)",
				);
				GCC_WARN_64_TO_32_BIT_CONVERSION = YES;
				GCC_WARN_ABOUT_RETURN_TYPE = YES_ERROR;
				GCC_WARN_UNDECLARED_SELECTOR = YES;
				GCC_WARN_UNINITIALIZED_AUTOS = YES_AGGRESSIVE;
				GCC_WARN_UNUSED_FUNCTION = YES;
				GCC_WARN_UNUSED_VARIABLE = YES;
				IPHONEOS_DEPLOYMENT_TARGET = 16.1;
				MTL_ENABLE_DEBUG_INFO = INCLUDE_SOURCE;
				MTL_FAST_MATH = YES;
				ONLY_ACTIVE_ARCH = YES;
				SDKROOT = iphoneos;
				SWIFT_ACTIVE_COMPILATION_CONDITIONS = DEBUG;
				SWIFT_OPTIMIZATION_LEVEL = "-Onone";
			};
			name = Debug;
		};
		30F47CAC2919A38E00ADD0EA /* Release */ = {
			isa = XCBuildConfiguration;
			baseConfigurationReference = 30157991291BFFF100F8238E /* ProConfig.xcconfig */;
			buildSettings = {
				ALWAYS_SEARCH_USER_PATHS = NO;
				CLANG_ANALYZER_NONNULL = YES;
				CLANG_ANALYZER_NUMBER_OBJECT_CONVERSION = YES_AGGRESSIVE;
				CLANG_CXX_LANGUAGE_STANDARD = "gnu++20";
				CLANG_ENABLE_MODULES = YES;
				CLANG_ENABLE_OBJC_ARC = YES;
				CLANG_ENABLE_OBJC_WEAK = YES;
				CLANG_WARN_BLOCK_CAPTURE_AUTORELEASING = YES;
				CLANG_WARN_BOOL_CONVERSION = YES;
				CLANG_WARN_COMMA = YES;
				CLANG_WARN_CONSTANT_CONVERSION = YES;
				CLANG_WARN_DEPRECATED_OBJC_IMPLEMENTATIONS = YES;
				CLANG_WARN_DIRECT_OBJC_ISA_USAGE = YES_ERROR;
				CLANG_WARN_DOCUMENTATION_COMMENTS = YES;
				CLANG_WARN_EMPTY_BODY = YES;
				CLANG_WARN_ENUM_CONVERSION = YES;
				CLANG_WARN_INFINITE_RECURSION = YES;
				CLANG_WARN_INT_CONVERSION = YES;
				CLANG_WARN_NON_LITERAL_NULL_CONVERSION = YES;
				CLANG_WARN_OBJC_IMPLICIT_RETAIN_SELF = YES;
				CLANG_WARN_OBJC_LITERAL_CONVERSION = YES;
				CLANG_WARN_OBJC_ROOT_CLASS = YES_ERROR;
				CLANG_WARN_QUOTED_INCLUDE_IN_FRAMEWORK_HEADER = YES;
				CLANG_WARN_RANGE_LOOP_ANALYSIS = YES;
				CLANG_WARN_STRICT_PROTOTYPES = YES;
				CLANG_WARN_SUSPICIOUS_MOVE = YES;
				CLANG_WARN_UNGUARDED_AVAILABILITY = YES_AGGRESSIVE;
				CLANG_WARN_UNREACHABLE_CODE = YES;
				CLANG_WARN__DUPLICATE_METHOD_MATCH = YES;
				COPY_PHASE_STRIP = NO;
				DEBUG_INFORMATION_FORMAT = "dwarf-with-dsym";
				ENABLE_NS_ASSERTIONS = NO;
				ENABLE_STRICT_OBJC_MSGSEND = YES;
				GCC_C_LANGUAGE_STANDARD = gnu11;
				GCC_NO_COMMON_BLOCKS = YES;
				GCC_WARN_64_TO_32_BIT_CONVERSION = YES;
				GCC_WARN_ABOUT_RETURN_TYPE = YES_ERROR;
				GCC_WARN_UNDECLARED_SELECTOR = YES;
				GCC_WARN_UNINITIALIZED_AUTOS = YES_AGGRESSIVE;
				GCC_WARN_UNUSED_FUNCTION = YES;
				GCC_WARN_UNUSED_VARIABLE = YES;
				IPHONEOS_DEPLOYMENT_TARGET = 16.1;
				MTL_ENABLE_DEBUG_INFO = NO;
				MTL_FAST_MATH = YES;
				SDKROOT = iphoneos;
				SWIFT_COMPILATION_MODE = wholemodule;
				SWIFT_OPTIMIZATION_LEVEL = "-O";
				VALIDATE_PRODUCT = YES;
			};
			name = Release;
		};
		30F47CAE2919A38E00ADD0EA /* Debug */ = {
			isa = XCBuildConfiguration;
			baseConfigurationReference = 30157991291BFFF100F8238E /* ProConfig.xcconfig */;
			buildSettings = {
				ASSETCATALOG_COMPILER_APPICON_NAME = AppIcon;
				ASSETCATALOG_COMPILER_GLOBAL_ACCENT_COLOR_NAME = AccentColor;
				CODE_SIGN_STYLE = Automatic;
				CURRENT_PROJECT_VERSION = 1;
				DEVELOPMENT_TEAM = X26ZL9PT5Q;
				GENERATE_INFOPLIST_FILE = YES;
				INFOPLIST_FILE = MarvelChallenge/Config/Info.plist;
				INFOPLIST_KEY_UIApplicationSupportsIndirectInputEvents = YES;
				INFOPLIST_KEY_UILaunchStoryboardName = LaunchScreen.storyboard;
				INFOPLIST_KEY_UISupportedInterfaceOrientations_iPad = "UIInterfaceOrientationPortrait UIInterfaceOrientationPortraitUpsideDown UIInterfaceOrientationLandscapeLeft UIInterfaceOrientationLandscapeRight";
				INFOPLIST_KEY_UISupportedInterfaceOrientations_iPhone = "UIInterfaceOrientationPortrait UIInterfaceOrientationLandscapeLeft UIInterfaceOrientationLandscapeRight";
				LD_RUNPATH_SEARCH_PATHS = (
					"$(inherited)",
					"@executable_path/Frameworks",
				);
				MARKETING_VERSION = 1.0;
				PRODUCT_BUNDLE_IDENTIFIER = com.marvel.MarvelChallenge;
				PRODUCT_NAME = "$(TARGET_NAME)";
				SWIFT_EMIT_LOC_STRINGS = YES;
				SWIFT_VERSION = 5.0;
				TARGETED_DEVICE_FAMILY = "1,2";
			};
			name = Debug;
		};
		30F47CAF2919A38E00ADD0EA /* Release */ = {
			isa = XCBuildConfiguration;
			baseConfigurationReference = 30157991291BFFF100F8238E /* ProConfig.xcconfig */;
			buildSettings = {
				ASSETCATALOG_COMPILER_APPICON_NAME = AppIcon;
				ASSETCATALOG_COMPILER_GLOBAL_ACCENT_COLOR_NAME = AccentColor;
				CODE_SIGN_STYLE = Automatic;
				CURRENT_PROJECT_VERSION = 1;
				DEVELOPMENT_TEAM = X26ZL9PT5Q;
				GENERATE_INFOPLIST_FILE = YES;
				INFOPLIST_FILE = "MarvelChallenge/Config//Info.plist";
				INFOPLIST_KEY_UIApplicationSupportsIndirectInputEvents = YES;
				INFOPLIST_KEY_UILaunchStoryboardName = LaunchScreen.storyboard;
				INFOPLIST_KEY_UISupportedInterfaceOrientations_iPad = "UIInterfaceOrientationPortrait UIInterfaceOrientationPortraitUpsideDown UIInterfaceOrientationLandscapeLeft UIInterfaceOrientationLandscapeRight";
				INFOPLIST_KEY_UISupportedInterfaceOrientations_iPhone = "UIInterfaceOrientationPortrait UIInterfaceOrientationLandscapeLeft UIInterfaceOrientationLandscapeRight";
				LD_RUNPATH_SEARCH_PATHS = (
					"$(inherited)",
					"@executable_path/Frameworks",
				);
				MARKETING_VERSION = 1.0;
				PRODUCT_BUNDLE_IDENTIFIER = com.marvel.MarvelChallenge;
				PRODUCT_NAME = "$(TARGET_NAME)";
				SWIFT_EMIT_LOC_STRINGS = YES;
				SWIFT_VERSION = 5.0;
				TARGETED_DEVICE_FAMILY = "1,2";
			};
			name = Release;
		};
		30F47CB12919A38E00ADD0EA /* Debug */ = {
			isa = XCBuildConfiguration;
			baseConfigurationReference = 30157991291BFFF100F8238E /* ProConfig.xcconfig */;
			buildSettings = {
				ALWAYS_EMBED_SWIFT_STANDARD_LIBRARIES = YES;
				BUNDLE_LOADER = "$(TEST_HOST)";
				CODE_SIGN_STYLE = Automatic;
				CURRENT_PROJECT_VERSION = 1;
				DEVELOPMENT_TEAM = X26ZL9PT5Q;
				GENERATE_INFOPLIST_FILE = YES;
				IPHONEOS_DEPLOYMENT_TARGET = 16.1;
				MARKETING_VERSION = 1.0;
				PRODUCT_BUNDLE_IDENTIFIER = com.marvel.MarvelChallengeTests;
				PRODUCT_NAME = "$(TARGET_NAME)";
				SWIFT_EMIT_LOC_STRINGS = NO;
				SWIFT_VERSION = 5.0;
				TARGETED_DEVICE_FAMILY = "1,2";
				TEST_HOST = "$(BUILT_PRODUCTS_DIR)/MarvelChallenge.app/$(BUNDLE_EXECUTABLE_FOLDER_PATH)/MarvelChallenge";
			};
			name = Debug;
		};
		30F47CB22919A38E00ADD0EA /* Release */ = {
			isa = XCBuildConfiguration;
			baseConfigurationReference = 30157991291BFFF100F8238E /* ProConfig.xcconfig */;
			buildSettings = {
				ALWAYS_EMBED_SWIFT_STANDARD_LIBRARIES = YES;
				BUNDLE_LOADER = "$(TEST_HOST)";
				CODE_SIGN_STYLE = Automatic;
				CURRENT_PROJECT_VERSION = 1;
				DEVELOPMENT_TEAM = X26ZL9PT5Q;
				GENERATE_INFOPLIST_FILE = YES;
				IPHONEOS_DEPLOYMENT_TARGET = 16.1;
				MARKETING_VERSION = 1.0;
				PRODUCT_BUNDLE_IDENTIFIER = com.marvel.MarvelChallengeTests;
				PRODUCT_NAME = "$(TARGET_NAME)";
				SWIFT_EMIT_LOC_STRINGS = NO;
				SWIFT_VERSION = 5.0;
				TARGETED_DEVICE_FAMILY = "1,2";
				TEST_HOST = "$(BUILT_PRODUCTS_DIR)/MarvelChallenge.app/$(BUNDLE_EXECUTABLE_FOLDER_PATH)/MarvelChallenge";
			};
			name = Release;
		};
		30F47CB42919A38E00ADD0EA /* Debug */ = {
			isa = XCBuildConfiguration;
			baseConfigurationReference = 30157991291BFFF100F8238E /* ProConfig.xcconfig */;
			buildSettings = {
				ALWAYS_EMBED_SWIFT_STANDARD_LIBRARIES = YES;
				CODE_SIGN_STYLE = Automatic;
				CURRENT_PROJECT_VERSION = 1;
				DEVELOPMENT_TEAM = X26ZL9PT5Q;
				GENERATE_INFOPLIST_FILE = YES;
				MARKETING_VERSION = 1.0;
				PRODUCT_BUNDLE_IDENTIFIER = com.marvel.MarvelChallengeUITests;
				PRODUCT_NAME = "$(TARGET_NAME)";
				SWIFT_EMIT_LOC_STRINGS = NO;
				SWIFT_VERSION = 5.0;
				TARGETED_DEVICE_FAMILY = "1,2";
				TEST_TARGET_NAME = MarvelChallenge;
			};
			name = Debug;
		};
		30F47CB52919A38E00ADD0EA /* Release */ = {
			isa = XCBuildConfiguration;
			baseConfigurationReference = 30157991291BFFF100F8238E /* ProConfig.xcconfig */;
			buildSettings = {
				ALWAYS_EMBED_SWIFT_STANDARD_LIBRARIES = YES;
				CODE_SIGN_STYLE = Automatic;
				CURRENT_PROJECT_VERSION = 1;
				DEVELOPMENT_TEAM = X26ZL9PT5Q;
				GENERATE_INFOPLIST_FILE = YES;
				MARKETING_VERSION = 1.0;
				PRODUCT_BUNDLE_IDENTIFIER = com.marvel.MarvelChallengeUITests;
				PRODUCT_NAME = "$(TARGET_NAME)";
				SWIFT_EMIT_LOC_STRINGS = NO;
				SWIFT_VERSION = 5.0;
				TARGETED_DEVICE_FAMILY = "1,2";
				TEST_TARGET_NAME = MarvelChallenge;
			};
			name = Release;
		};
/* End XCBuildConfiguration section */

/* Begin XCConfigurationList section */
		30F47C7E2919A38C00ADD0EA /* Build configuration list for PBXProject "MarvelChallenge" */ = {
			isa = XCConfigurationList;
			buildConfigurations = (
				30F47CAB2919A38E00ADD0EA /* Debug */,
				30F47CAC2919A38E00ADD0EA /* Release */,
			);
			defaultConfigurationIsVisible = 0;
			defaultConfigurationName = Release;
		};
		30F47CAD2919A38E00ADD0EA /* Build configuration list for PBXNativeTarget "MarvelChallenge" */ = {
			isa = XCConfigurationList;
			buildConfigurations = (
				30F47CAE2919A38E00ADD0EA /* Debug */,
				30F47CAF2919A38E00ADD0EA /* Release */,
			);
			defaultConfigurationIsVisible = 0;
			defaultConfigurationName = Release;
		};
		30F47CB02919A38E00ADD0EA /* Build configuration list for PBXNativeTarget "MarvelChallengeTests" */ = {
			isa = XCConfigurationList;
			buildConfigurations = (
				30F47CB12919A38E00ADD0EA /* Debug */,
				30F47CB22919A38E00ADD0EA /* Release */,
			);
			defaultConfigurationIsVisible = 0;
			defaultConfigurationName = Release;
		};
		30F47CB32919A38E00ADD0EA /* Build configuration list for PBXNativeTarget "MarvelChallengeUITests" */ = {
			isa = XCConfigurationList;
			buildConfigurations = (
				30F47CB42919A38E00ADD0EA /* Debug */,
				30F47CB52919A38E00ADD0EA /* Release */,
			);
			defaultConfigurationIsVisible = 0;
			defaultConfigurationName = Release;
		};
/* End XCConfigurationList section */

/* Begin XCRemoteSwiftPackageReference section */
		30F1C477291E5548000F1F06 /* XCRemoteSwiftPackageReference "Kingfisher" */ = {
			isa = XCRemoteSwiftPackageReference;
			repositoryURL = "https://github.com/onevcat/Kingfisher.git";
			requirement = {
				kind = upToNextMajorVersion;
				minimumVersion = 7.0.0;
			};
		};
/* End XCRemoteSwiftPackageReference section */

/* Begin XCSwiftPackageProductDependency section */
		30F1C478291E5548000F1F06 /* Kingfisher */ = {
			isa = XCSwiftPackageProductDependency;
			package = 30F1C477291E5548000F1F06 /* XCRemoteSwiftPackageReference "Kingfisher" */;
			productName = Kingfisher;
		};
/* End XCSwiftPackageProductDependency section */
	};
	rootObject = 30F47C7B2919A38C00ADD0EA /* Project object */;
}
