// !$*UTF8*$!
{
	archiveVersion = 1;
	classes = {
	};
	objectVersion = 56;
	objects = {

/* Begin PBXBuildFile section */
		30F47C872919A38C00ADD0EA /* AppDelegate.swift in Sources */ = {isa = PBXBuildFile; fileRef = 30F47C862919A38C00ADD0EA /* AppDelegate.swift */; };
		30F47C892919A38C00ADD0EA /* SceneDelegate.swift in Sources */ = {isa = PBXBuildFile; fileRef = 30F47C882919A38C00ADD0EA /* SceneDelegate.swift */; };
		30F47C8B2919A38C00ADD0EA /* ViewController.swift in Sources */ = {isa = PBXBuildFile; fileRef = 30F47C8A2919A38C00ADD0EA /* ViewController.swift */; };
		30F47C8E2919A38C00ADD0EA /* Main.storyboard in Resources */ = {isa = PBXBuildFile; fileRef = 30F47C8C2919A38C00ADD0EA /* Main.storyboard */; };
		30F47C902919A38E00ADD0EA /* Assets.xcassets in Resources */ = {isa = PBXBuildFile; fileRef = 30F47C8F2919A38E00ADD0EA /* Assets.xcassets */; };
		30F47C932919A38E00ADD0EA /* LaunchScreen.storyboard in Resources */ = {isa = PBXBuildFile; fileRef = 30F47C912919A38E00ADD0EA /* LaunchScreen.storyboard */; };
		30F47C9E2919A38E00ADD0EA /* MarvelChallengeTests.swift in Sources */ = {isa = PBXBuildFile; fileRef = 30F47C9D2919A38E00ADD0EA /* MarvelChallengeTests.swift */; };
		30F47CA82919A38E00ADD0EA /* MarvelChallengeUITests.swift in Sources */ = {isa = PBXBuildFile; fileRef = 30F47CA72919A38E00ADD0EA /* MarvelChallengeUITests.swift */; };
		30F47CAA2919A38E00ADD0EA /* MarvelChallengeUITestsLaunchTests.swift in Sources */ = {isa = PBXBuildFile; fileRef = 30F47CA92919A38E00ADD0EA /* MarvelChallengeUITestsLaunchTests.swift */; };
/* End PBXBuildFile section */

/* Begin PBXContainerItemProxy section */
		30F47C9A2919A38E00ADD0EA /* PBXContainerItemProxy */ = {
			isa = PBXContainerItemProxy;
			containerPortal = 30F47C7B2919A38C00ADD0EA /* Project object */;
			proxyType = 1;
			remoteGlobalIDString = 30F47C822919A38C00ADD0EA;
			remoteInfo = MarvelChallenge;
		};
		30F47CA42919A38E00ADD0EA /* PBXContainerItemProxy */ = {
			isa = PBXContainerItemProxy;
			containerPortal = 30F47C7B2919A38C00ADD0EA /* Project object */;
			proxyType = 1;
			remoteGlobalIDString = 30F47C822919A38C00ADD0EA;
			remoteInfo = MarvelChallenge;
		};
/* End PBXContainerItemProxy section */

/* Begin PBXFileReference section */
		30F47C832919A38C00ADD0EA /* MarvelChallenge.app */ = {isa = PBXFileReference; explicitFileType = wrapper.application; includeInIndex = 0; path = MarvelChallenge.app; sourceTree = BUILT_PRODUCTS_DIR; };
		30F47C862919A38C00ADD0EA /* AppDelegate.swift */ = {isa = PBXFileReference; lastKnownFileType = sourcecode.swift; path = AppDelegate.swift; sourceTree = "<group>"; };
		30F47C882919A38C00ADD0EA /* SceneDelegate.swift */ = {isa = PBXFileReference; lastKnownFileType = sourcecode.swift; path = SceneDelegate.swift; sourceTree = "<group>"; };
		30F47C8A2919A38C00ADD0EA /* ViewController.swift */ = {isa = PBXFileReference; lastKnownFileType = sourcecode.swift; path = ViewController.swift; sourceTree = "<group>"; };
		30F47C8D2919A38C00ADD0EA /* Base */ = {isa = PBXFileReference; lastKnownFileType = file.storyboard; name = Base; path = Base.lproj/Main.storyboard; sourceTree = "<group>"; };
		30F47C8F2919A38E00ADD0EA /* Assets.xcassets */ = {isa = PBXFileReference; lastKnownFileType = folder.assetcatalog; path = Assets.xcassets; sourceTree = "<group>"; };
		30F47C922919A38E00ADD0EA /* Base */ = {isa = PBXFileReference; lastKnownFileType = file.storyboard; name = Base; path = Base.lproj/LaunchScreen.storyboard; sourceTree = "<group>"; };
		30F47C942919A38E00ADD0EA /* Info.plist */ = {isa = PBXFileReference; lastKnownFileType = text.plist.xml; path = Info.plist; sourceTree = "<group>"; };
		30F47C992919A38E00ADD0EA /* MarvelChallengeTests.xctest */ = {isa = PBXFileReference; explicitFileType = wrapper.cfbundle; includeInIndex = 0; path = MarvelChallengeTests.xctest; sourceTree = BUILT_PRODUCTS_DIR; };
		30F47C9D2919A38E00ADD0EA /* MarvelChallengeTests.swift */ = {isa = PBXFileReference; lastKnownFileType = sourcecode.swift; path = MarvelChallengeTests.swift; sourceTree = "<group>"; };
		30F47CA32919A38E00ADD0EA /* MarvelChallengeUITests.xctest */ = {isa = PBXFileReference; explicitFileType = wrapper.cfbundle; includeInIndex = 0; path = MarvelChallengeUITests.xctest; sourceTree = BUILT_PRODUCTS_DIR; };
		30F47CA72919A38E00ADD0EA /* MarvelChallengeUITests.swift */ = {isa = PBXFileReference; lastKnownFileType = sourcecode.swift; path = MarvelChallengeUITests.swift; sourceTree = "<group>"; };
		30F47CA92919A38E00ADD0EA /* MarvelChallengeUITestsLaunchTests.swift */ = {isa = PBXFileReference; lastKnownFileType = sourcecode.swift; path = MarvelChallengeUITestsLaunchTests.swift; sourceTree = "<group>"; };
/* End PBXFileReference section */

/* Begin PBXFrameworksBuildPhase section */
		30F47C802919A38C00ADD0EA /* Frameworks */ = {
			isa = PBXFrameworksBuildPhase;
			buildActionMask = 2147483647;
			files = (
			);
			runOnlyForDeploymentPostprocessing = 0;
		};
		30F47C962919A38E00ADD0EA /* Frameworks */ = {
			isa = PBXFrameworksBuildPhase;
			buildActionMask = 2147483647;
			files = (
			);
			runOnlyForDeploymentPostprocessing = 0;
		};
		30F47CA02919A38E00ADD0EA /* Frameworks */ = {
			isa = PBXFrameworksBuildPhase;
			buildActionMask = 2147483647;
			files = (
			);
			runOnlyForDeploymentPostprocessing = 0;
		};
/* End PBXFrameworksBuildPhase section */

/* Begin PBXGroup section */
		30F47C7A2919A38C00ADD0EA = {
			isa = PBXGroup;
			children = (
				30F47C852919A38C00ADD0EA /* MarvelChallenge */,
				30F47C9C2919A38E00ADD0EA /* MarvelChallengeTests */,
				30F47CA62919A38E00ADD0EA /* MarvelChallengeUITests */,
				30F47C842919A38C00ADD0EA /* Products */,
			);
			sourceTree = "<group>";
		};
		30F47C842919A38C00ADD0EA /* Products */ = {
			isa = PBXGroup;
			children = (
				30F47C832919A38C00ADD0EA /* MarvelChallenge.app */,
				30F47C992919A38E00ADD0EA /* MarvelChallengeTests.xctest */,
				30F47CA32919A38E00ADD0EA /* MarvelChallengeUITests.xctest */,
			);
			name = Products;
			sourceTree = "<group>";
		};
		30F47C852919A38C00ADD0EA /* MarvelChallenge */ = {
			isa = PBXGroup;
			children = (
				30F47C862919A38C00ADD0EA /* AppDelegate.swift */,
				30F47C882919A38C00ADD0EA /* SceneDelegate.swift */,
				30F47C8A2919A38C00ADD0EA /* ViewController.swift */,
				30F47C8C2919A38C00ADD0EA /* Main.storyboard */,
				30F47C8F2919A38E00ADD0EA /* Assets.xcassets */,
				30F47C912919A38E00ADD0EA /* LaunchScreen.storyboard */,
				30F47C942919A38E00ADD0EA /* Info.plist */,
			);
			path = MarvelChallenge;
			sourceTree = "<group>";
		};
		30F47C9C2919A38E00ADD0EA /* MarvelChallengeTests */ = {
			isa = PBXGroup;
			children = (
				30F47C9D2919A38E00ADD0EA /* MarvelChallengeTests.swift */,
			);
			path = MarvelChallengeTests;
			sourceTree = "<group>";
		};
		30F47CA62919A38E00ADD0EA /* MarvelChallengeUITests */ = {
			isa = PBXGroup;
			children = (
				30F47CA72919A38E00ADD0EA /* MarvelChallengeUITests.swift */,
				30F47CA92919A38E00ADD0EA /* MarvelChallengeUITestsLaunchTests.swift */,
			);
			path = MarvelChallengeUITests;
			sourceTree = "<group>";
		};
/* End PBXGroup section */

/* Begin PBXNativeTarget section */
		30F47C822919A38C00ADD0EA /* MarvelChallenge */ = {
			isa = PBXNativeTarget;
			buildConfigurationList = 30F47CAD2919A38E00ADD0EA /* Build configuration list for PBXNativeTarget "MarvelChallenge" */;
			buildPhases = (
				30F47C7F2919A38C00ADD0EA /* Sources */,
				30F47C802919A38C00ADD0EA /* Frameworks */,
				30F47C812919A38C00ADD0EA /* Resources */,
			);
			buildRules = (
			);
			dependencies = (
			);
			name = MarvelChallenge;
			productName = MarvelChallenge;
			productReference = 30F47C832919A38C00ADD0EA /* MarvelChallenge.app */;
			productType = "com.apple.product-type.application";
		};
		30F47C982919A38E00ADD0EA /* MarvelChallengeTests */ = {
			isa = PBXNativeTarget;
			buildConfigurationList = 30F47CB02919A38E00ADD0EA /* Build configuration list for PBXNativeTarget "MarvelChallengeTests" */;
			buildPhases = (
				30F47C952919A38E00ADD0EA /* Sources */,
				30F47C962919A38E00ADD0EA /* Frameworks */,
				30F47C972919A38E00ADD0EA /* Resources */,
			);
			buildRules = (
			);
			dependencies = (
				30F47C9B2919A38E00ADD0EA /* PBXTargetDependency */,
			);
			name = MarvelChallengeTests;
			productName = MarvelChallengeTests;
			productReference = 30F47C992919A38E00ADD0EA /* MarvelChallengeTests.xctest */;
			productType = "com.apple.product-type.bundle.unit-test";
		};
		30F47CA22919A38E00ADD0EA /* MarvelChallengeUITests */ = {
			isa = PBXNativeTarget;
			buildConfigurationList = 30F47CB32919A38E00ADD0EA /* Build configuration list for PBXNativeTarget "MarvelChallengeUITests" */;
			buildPhases = (
				30F47C9F2919A38E00ADD0EA /* Sources */,
				30F47CA02919A38E00ADD0EA /* Frameworks */,
				30F47CA12919A38E00ADD0EA /* Resources */,
			);
			buildRules = (
			);
			dependencies = (
				30F47CA52919A38E00ADD0EA /* PBXTargetDependency */,
			);
			name = MarvelChallengeUITests;
			productName = MarvelChallengeUITests;
			productReference = 30F47CA32919A38E00ADD0EA /* MarvelChallengeUITests.xctest */;
			productType = "com.apple.product-type.bundle.ui-testing";
		};
/* End PBXNativeTarget section */

/* Begin PBXProject section */
		30F47C7B2919A38C00ADD0EA /* Project object */ = {
			isa = PBXProject;
			attributes = {
				BuildIndependentTargetsInParallel = 1;
				LastSwiftUpdateCheck = 1410;
				LastUpgradeCheck = 1410;
				TargetAttributes = {
					30F47C822919A38C00ADD0EA = {
						CreatedOnToolsVersion = 14.1;
					};
					30F47C982919A38E00ADD0EA = {
						CreatedOnToolsVersion = 14.1;
						TestTargetID = 30F47C822919A38C00ADD0EA;
					};
					30F47CA22919A38E00ADD0EA = {
						CreatedOnToolsVersion = 14.1;
						TestTargetID = 30F47C822919A38C00ADD0EA;
					};
				};
			};
			buildConfigurationList = 30F47C7E2919A38C00ADD0EA /* Build configuration list for PBXProject "MarvelChallenge" */;
			compatibilityVersion = "Xcode 14.0";
			developmentRegion = en;
			hasScannedForEncodings = 0;
			knownRegions = (
				en,
				Base,
			);
			mainGroup = 30F47C7A2919A38C00ADD0EA;
			productRefGroup = 30F47C842919A38C00ADD0EA /* Products */;
			projectDirPath = "";
			projectRoot = "";
			targets = (
				30F47C822919A38C00ADD0EA /* MarvelChallenge */,
				30F47C982919A38E00ADD0EA /* MarvelChallengeTests */,
				30F47CA22919A38E00ADD0EA /* MarvelChallengeUITests */,
			);
		};
/* End PBXProject section */

/* Begin PBXResourcesBuildPhase section */
		30F47C812919A38C00ADD0EA /* Resources */ = {
			isa = PBXResourcesBuildPhase;
			buildActionMask = 2147483647;
			files = (
				30F47C932919A38E00ADD0EA /* LaunchScreen.storyboard in Resources */,
				30F47C902919A38E00ADD0EA /* Assets.xcassets in Resources */,
				30F47C8E2919A38C00ADD0EA /* Main.storyboard in Resources */,
			);
			runOnlyForDeploymentPostprocessing = 0;
		};
		30F47C972919A38E00ADD0EA /* Resources */ = {
			isa = PBXResourcesBuildPhase;
			buildActionMask = 2147483647;
			files = (
			);
			runOnlyForDeploymentPostprocessing = 0;
		};
		30F47CA12919A38E00ADD0EA /* Resources */ = {
			isa = PBXResourcesBuildPhase;
			buildActionMask = 2147483647;
			files = (
			);
			runOnlyForDeploymentPostprocessing = 0;
		};
/* End PBXResourcesBuildPhase section */

/* Begin PBXSourcesBuildPhase section */
		30F47C7F2919A38C00ADD0EA /* Sources */ = {
			isa = PBXSourcesBuildPhase;
			buildActionMask = 2147483647;
			files = (
				30F47C8B2919A38C00ADD0EA /* ViewController.swift in Sources */,
				30F47C872919A38C00ADD0EA /* AppDelegate.swift in Sources */,
				30F47C892919A38C00ADD0EA /* SceneDelegate.swift in Sources */,
			);
			runOnlyForDeploymentPostprocessing = 0;
		};
		30F47C952919A38E00ADD0EA /* Sources */ = {
			isa = PBXSourcesBuildPhase;
			buildActionMask = 2147483647;
			files = (
				30F47C9E2919A38E00ADD0EA /* MarvelChallengeTests.swift in Sources */,
			);
			runOnlyForDeploymentPostprocessing = 0;
		};
		30F47C9F2919A38E00ADD0EA /* Sources */ = {
			isa = PBXSourcesBuildPhase;
			buildActionMask = 2147483647;
			files = (
				30F47CA82919A38E00ADD0EA /* MarvelChallengeUITests.swift in Sources */,
				30F47CAA2919A38E00ADD0EA /* MarvelChallengeUITestsLaunchTests.swift in Sources */,
			);
			runOnlyForDeploymentPostprocessing = 0;
		};
/* End PBXSourcesBuildPhase section */

/* Begin PBXTargetDependency section */
		30F47C9B2919A38E00ADD0EA /* PBXTargetDependency */ = {
			isa = PBXTargetDependency;
			target = 30F47C822919A38C00ADD0EA /* MarvelChallenge */;
			targetProxy = 30F47C9A2919A38E00ADD0EA /* PBXContainerItemProxy */;
		};
		30F47CA52919A38E00ADD0EA /* PBXTargetDependency */ = {
			isa = PBXTargetDependency;
			target = 30F47C822919A38C00ADD0EA /* MarvelChallenge */;
			targetProxy = 30F47CA42919A38E00ADD0EA /* PBXContainerItemProxy */;
		};
/* End PBXTargetDependency section */

/* Begin PBXVariantGroup section */
		30F47C8C2919A38C00ADD0EA /* Main.storyboard */ = {
			isa = PBXVariantGroup;
			children = (
				30F47C8D2919A38C00ADD0EA /* Base */,
			);
			name = Main.storyboard;
			sourceTree = "<group>";
		};
		30F47C912919A38E00ADD0EA /* LaunchScreen.storyboard */ = {
			isa = PBXVariantGroup;
			children = (
				30F47C922919A38E00ADD0EA /* Base */,
			);
			name = LaunchScreen.storyboard;
			sourceTree = "<group>";
		};
/* End PBXVariantGroup section */

/* Begin XCBuildConfiguration section */
		30F47CAB2919A38E00ADD0EA /* Debug */ = {
			isa = XCBuildConfiguration;
			buildSettings = {
				ALWAYS_SEARCH_USER_PATHS = NO;
				CLANG_ANALYZER_NONNULL = YES;
				CLANG_ANALYZER_NUMBER_OBJECT_CONVERSION = YES_AGGRESSIVE;
				CLANG_CXX_LANGUAGE_STANDARD = "gnu++20";
				CLANG_ENABLE_MODULES = YES;
				CLANG_ENABLE_OBJC_ARC = YES;
				CLANG_ENABLE_OBJC_WEAK = YES;
				CLANG_WARN_BLOCK_CAPTURE_AUTORELEASING = YES;
				CLANG_WARN_BOOL_CONVERSION = YES;
				CLANG_WARN_COMMA = YES;
				CLANG_WARN_CONSTANT_CONVERSION = YES;
				CLANG_WARN_DEPRECATED_OBJC_IMPLEMENTATIONS = YES;
				CLANG_WARN_DIRECT_OBJC_ISA_USAGE = YES_ERROR;
				CLANG_WARN_DOCUMENTATION_COMMENTS = YES;
				CLANG_WARN_EMPTY_BODY = YES;
				CLANG_WARN_ENUM_CONVERSION = YES;
				CLANG_WARN_INFINITE_RECURSION = YES;
				CLANG_WARN_INT_CONVERSION = YES;
				CLANG_WARN_NON_LITERAL_NULL_CONVERSION = YES;
				CLANG_WARN_OBJC_IMPLICIT_RETAIN_SELF = YES;
				CLANG_WARN_OBJC_LITERAL_CONVERSION = YES;
				CLANG_WARN_OBJC_ROOT_CLASS = YES_ERROR;
				CLANG_WARN_QUOTED_INCLUDE_IN_FRAMEWORK_HEADER = YES;
				CLANG_WARN_RANGE_LOOP_ANALYSIS = YES;
				CLANG_WARN_STRICT_PROTOTYPES = YES;
				CLANG_WARN_SUSPICIOUS_MOVE = YES;
				CLANG_WARN_UNGUARDED_AVAILABILITY = YES_AGGRESSIVE;
				CLANG_WARN_UNREACHABLE_CODE = YES;
				CLANG_WARN__DUPLICATE_METHOD_MATCH = YES;
				COPY_PHASE_STRIP = NO;
				DEBUG_INFORMATION_FORMAT = dwarf;
				ENABLE_STRICT_OBJC_MSGSEND = YES;
				ENABLE_TESTABILITY = YES;
				GCC_C_LANGUAGE_STANDARD = gnu11;
				GCC_DYNAMIC_NO_PIC = NO;
				GCC_NO_COMMON_BLOCKS = YES;
				GCC_OPTIMIZATION_LEVEL = 0;
				GCC_PREPROCESSOR_DEFINITIONS = (
					"DEBUG=1",
					"$(inherited)",
				);
				GCC_WARN_64_TO_32_BIT_CONVERSION = YES;
				GCC_WARN_ABOUT_RETURN_TYPE = YES_ERROR;
				GCC_WARN_UNDECLARED_SELECTOR = YES;
				GCC_WARN_UNINITIALIZED_AUTOS = YES_AGGRESSIVE;
				GCC_WARN_UNUSED_FUNCTION = YES;
				GCC_WARN_UNUSED_VARIABLE = YES;
				IPHONEOS_DEPLOYMENT_TARGET = 16.1;
				MTL_ENABLE_DEBUG_INFO = INCLUDE_SOURCE;
				MTL_FAST_MATH = YES;
				ONLY_ACTIVE_ARCH = YES;
				SDKROOT = iphoneos;
				SWIFT_ACTIVE_COMPILATION_CONDITIONS = DEBUG;
				SWIFT_OPTIMIZATION_LEVEL = "-Onone";
			};
			name = Debug;
		};
		30F47CAC2919A38E00ADD0EA /* Release */ = {
			isa = XCBuildConfiguration;
			buildSettings = {
				ALWAYS_SEARCH_USER_PATHS = NO;
				CLANG_ANALYZER_NONNULL = YES;
				CLANG_ANALYZER_NUMBER_OBJECT_CONVERSION = YES_AGGRESSIVE;
				CLANG_CXX_LANGUAGE_STANDARD = "gnu++20";
				CLANG_ENABLE_MODULES = YES;
				CLANG_ENABLE_OBJC_ARC = YES;
				CLANG_ENABLE_OBJC_WEAK = YES;
				CLANG_WARN_BLOCK_CAPTURE_AUTORELEASING = YES;
				CLANG_WARN_BOOL_CONVERSION = YES;
				CLANG_WARN_COMMA = YES;
				CLANG_WARN_CONSTANT_CONVERSION = YES;
				CLANG_WARN_DEPRECATED_OBJC_IMPLEMENTATIONS = YES;
				CLANG_WARN_DIRECT_OBJC_ISA_USAGE = YES_ERROR;
				CLANG_WARN_DOCUMENTATION_COMMENTS = YES;
				CLANG_WARN_EMPTY_BODY = YES;
				CLANG_WARN_ENUM_CONVERSION = YES;
				CLANG_WARN_INFINITE_RECURSION = YES;
				CLANG_WARN_INT_CONVERSION = YES;
				CLANG_WARN_NON_LITERAL_NULL_CONVERSION = YES;
				CLANG_WARN_OBJC_IMPLICIT_RETAIN_SELF = YES;
				CLANG_WARN_OBJC_LITERAL_CONVERSION = YES;
				CLANG_WARN_OBJC_ROOT_CLASS = YES_ERROR;
				CLANG_WARN_QUOTED_INCLUDE_IN_FRAMEWORK_HEADER = YES;
				CLANG_WARN_RANGE_LOOP_ANALYSIS = YES;
				CLANG_WARN_STRICT_PROTOTYPES = YES;
				CLANG_WARN_SUSPICIOUS_MOVE = YES;
				CLANG_WARN_UNGUARDED_AVAILABILITY = YES_AGGRESSIVE;
				CLANG_WARN_UNREACHABLE_CODE = YES;
				CLANG_WARN__DUPLICATE_METHOD_MATCH = YES;
				COPY_PHASE_STRIP = NO;
				DEBUG_INFORMATION_FORMAT = "dwarf-with-dsym";
				ENABLE_NS_ASSERTIONS = NO;
				ENABLE_STRICT_OBJC_MSGSEND = YES;
				GCC_C_LANGUAGE_STANDARD = gnu11;
				GCC_NO_COMMON_BLOCKS = YES;
				GCC_WARN_64_TO_32_BIT_CONVERSION = YES;
				GCC_WARN_ABOUT_RETURN_TYPE = YES_ERROR;
				GCC_WARN_UNDECLARED_SELECTOR = YES;
				GCC_WARN_UNINITIALIZED_AUTOS = YES_AGGRESSIVE;
				GCC_WARN_UNUSED_FUNCTION = YES;
				GCC_WARN_UNUSED_VARIABLE = YES;
				IPHONEOS_DEPLOYMENT_TARGET = 16.1;
				MTL_ENABLE_DEBUG_INFO = NO;
				MTL_FAST_MATH = YES;
				SDKROOT = iphoneos;
				SWIFT_COMPILATION_MODE = wholemodule;
				SWIFT_OPTIMIZATION_LEVEL = "-O";
				VALIDATE_PRODUCT = YES;
			};
			name = Release;
		};
		30F47CAE2919A38E00ADD0EA /* Debug */ = {
			isa = XCBuildConfiguration;
			buildSettings = {
				ASSETCATALOG_COMPILER_APPICON_NAME = AppIcon;
				ASSETCATALOG_COMPILER_GLOBAL_ACCENT_COLOR_NAME = AccentColor;
				CODE_SIGN_STYLE = Automatic;
				CURRENT_PROJECT_VERSION = 1;
				DEVELOPMENT_TEAM = X26ZL9PT5Q;
				GENERATE_INFOPLIST_FILE = YES;
				INFOPLIST_FILE = MarvelChallenge/Info.plist;
				INFOPLIST_KEY_UIApplicationSupportsIndirectInputEvents = YES;
				INFOPLIST_KEY_UILaunchStoryboardName = LaunchScreen;
				INFOPLIST_KEY_UIMainStoryboardFile = Main;
				INFOPLIST_KEY_UISupportedInterfaceOrientations_iPad = "UIInterfaceOrientationPortrait UIInterfaceOrientationPortraitUpsideDown UIInterfaceOrientationLandscapeLeft UIInterfaceOrientationLandscapeRight";
				INFOPLIST_KEY_UISupportedInterfaceOrientations_iPhone = "UIInterfaceOrientationPortrait UIInterfaceOrientationLandscapeLeft UIInterfaceOrientationLandscapeRight";
				LD_RUNPATH_SEARCH_PATHS = (
					"$(inherited)",
					"@executable_path/Frameworks",
				);
				MARKETING_VERSION = 1.0;
				PRODUCT_BUNDLE_IDENTIFIER = com.marvel.MarvelChallenge;
				PRODUCT_NAME = "$(TARGET_NAME)";
				SWIFT_EMIT_LOC_STRINGS = YES;
				SWIFT_VERSION = 5.0;
				TARGETED_DEVICE_FAMILY = "1,2";
			};
			name = Debug;
		};
		30F47CAF2919A38E00ADD0EA /* Release */ = {
			isa = XCBuildConfiguration;
			buildSettings = {
				ASSETCATALOG_COMPILER_APPICON_NAME = AppIcon;
				ASSETCATALOG_COMPILER_GLOBAL_ACCENT_COLOR_NAME = AccentColor;
				CODE_SIGN_STYLE = Automatic;
				CURRENT_PROJECT_VERSION = 1;
				DEVELOPMENT_TEAM = X26ZL9PT5Q;
				GENERATE_INFOPLIST_FILE = YES;
				INFOPLIST_FILE = MarvelChallenge/Info.plist;
				INFOPLIST_KEY_UIApplicationSupportsIndirectInputEvents = YES;
				INFOPLIST_KEY_UILaunchStoryboardName = LaunchScreen;
				INFOPLIST_KEY_UIMainStoryboardFile = Main;
				INFOPLIST_KEY_UISupportedInterfaceOrientations_iPad = "UIInterfaceOrientationPortrait UIInterfaceOrientationPortraitUpsideDown UIInterfaceOrientationLandscapeLeft UIInterfaceOrientationLandscapeRight";
				INFOPLIST_KEY_UISupportedInterfaceOrientations_iPhone = "UIInterfaceOrientationPortrait UIInterfaceOrientationLandscapeLeft UIInterfaceOrientationLandscapeRight";
				LD_RUNPATH_SEARCH_PATHS = (
					"$(inherited)",
					"@executable_path/Frameworks",
				);
				MARKETING_VERSION = 1.0;
				PRODUCT_BUNDLE_IDENTIFIER = com.marvel.MarvelChallenge;
				PRODUCT_NAME = "$(TARGET_NAME)";
				SWIFT_EMIT_LOC_STRINGS = YES;
				SWIFT_VERSION = 5.0;
				TARGETED_DEVICE_FAMILY = "1,2";
			};
			name = Release;
		};
		30F47CB12919A38E00ADD0EA /* Debug */ = {
			isa = XCBuildConfiguration;
			buildSettings = {
				ALWAYS_EMBED_SWIFT_STANDARD_LIBRARIES = YES;
				BUNDLE_LOADER = "$(TEST_HOST)";
				CODE_SIGN_STYLE = Automatic;
				CURRENT_PROJECT_VERSION = 1;
				DEVELOPMENT_TEAM = X26ZL9PT5Q;
				GENERATE_INFOPLIST_FILE = YES;
				IPHONEOS_DEPLOYMENT_TARGET = 16.1;
				MARKETING_VERSION = 1.0;
				PRODUCT_BUNDLE_IDENTIFIER = com.marvel.MarvelChallengeTests;
				PRODUCT_NAME = "$(TARGET_NAME)";
				SWIFT_EMIT_LOC_STRINGS = NO;
				SWIFT_VERSION = 5.0;
				TARGETED_DEVICE_FAMILY = "1,2";
				TEST_HOST = "$(BUILT_PRODUCTS_DIR)/MarvelChallenge.app/$(BUNDLE_EXECUTABLE_FOLDER_PATH)/MarvelChallenge";
			};
			name = Debug;
		};
		30F47CB22919A38E00ADD0EA /* Release */ = {
			isa = XCBuildConfiguration;
			buildSettings = {
				ALWAYS_EMBED_SWIFT_STANDARD_LIBRARIES = YES;
				BUNDLE_LOADER = "$(TEST_HOST)";
				CODE_SIGN_STYLE = Automatic;
				CURRENT_PROJECT_VERSION = 1;
				DEVELOPMENT_TEAM = X26ZL9PT5Q;
				GENERATE_INFOPLIST_FILE = YES;
				IPHONEOS_DEPLOYMENT_TARGET = 16.1;
				MARKETING_VERSION = 1.0;
				PRODUCT_BUNDLE_IDENTIFIER = com.marvel.MarvelChallengeTests;
				PRODUCT_NAME = "$(TARGET_NAME)";
				SWIFT_EMIT_LOC_STRINGS = NO;
				SWIFT_VERSION = 5.0;
				TARGETED_DEVICE_FAMILY = "1,2";
				TEST_HOST = "$(BUILT_PRODUCTS_DIR)/MarvelChallenge.app/$(BUNDLE_EXECUTABLE_FOLDER_PATH)/MarvelChallenge";
			};
			name = Release;
		};
		30F47CB42919A38E00ADD0EA /* Debug */ = {
			isa = XCBuildConfiguration;
			buildSettings = {
				ALWAYS_EMBED_SWIFT_STANDARD_LIBRARIES = YES;
				CODE_SIGN_STYLE = Automatic;
				CURRENT_PROJECT_VERSION = 1;
				DEVELOPMENT_TEAM = X26ZL9PT5Q;
				GENERATE_INFOPLIST_FILE = YES;
				MARKETING_VERSION = 1.0;
				PRODUCT_BUNDLE_IDENTIFIER = com.marvel.MarvelChallengeUITests;
				PRODUCT_NAME = "$(TARGET_NAME)";
				SWIFT_EMIT_LOC_STRINGS = NO;
				SWIFT_VERSION = 5.0;
				TARGETED_DEVICE_FAMILY = "1,2";
				TEST_TARGET_NAME = MarvelChallenge;
			};
			name = Debug;
		};
		30F47CB52919A38E00ADD0EA /* Release */ = {
			isa = XCBuildConfiguration;
			buildSettings = {
				ALWAYS_EMBED_SWIFT_STANDARD_LIBRARIES = YES;
				CODE_SIGN_STYLE = Automatic;
				CURRENT_PROJECT_VERSION = 1;
				DEVELOPMENT_TEAM = X26ZL9PT5Q;
				GENERATE_INFOPLIST_FILE = YES;
				MARKETING_VERSION = 1.0;
				PRODUCT_BUNDLE_IDENTIFIER = com.marvel.MarvelChallengeUITests;
				PRODUCT_NAME = "$(TARGET_NAME)";
				SWIFT_EMIT_LOC_STRINGS = NO;
				SWIFT_VERSION = 5.0;
				TARGETED_DEVICE_FAMILY = "1,2";
				TEST_TARGET_NAME = MarvelChallenge;
			};
			name = Release;
		};
/* End XCBuildConfiguration section */

/* Begin XCConfigurationList section */
		30F47C7E2919A38C00ADD0EA /* Build configuration list for PBXProject "MarvelChallenge" */ = {
			isa = XCConfigurationList;
			buildConfigurations = (
				30F47CAB2919A38E00ADD0EA /* Debug */,
				30F47CAC2919A38E00ADD0EA /* Release */,
			);
			defaultConfigurationIsVisible = 0;
			defaultConfigurationName = Release;
		};
		30F47CAD2919A38E00ADD0EA /* Build configuration list for PBXNativeTarget "MarvelChallenge" */ = {
			isa = XCConfigurationList;
			buildConfigurations = (
				30F47CAE2919A38E00ADD0EA /* Debug */,
				30F47CAF2919A38E00ADD0EA /* Release */,
			);
			defaultConfigurationIsVisible = 0;
			defaultConfigurationName = Release;
		};
		30F47CB02919A38E00ADD0EA /* Build configuration list for PBXNativeTarget "MarvelChallengeTests" */ = {
			isa = XCConfigurationList;
			buildConfigurations = (
				30F47CB12919A38E00ADD0EA /* Debug */,
				30F47CB22919A38E00ADD0EA /* Release */,
			);
			defaultConfigurationIsVisible = 0;
			defaultConfigurationName = Release;
		};
		30F47CB32919A38E00ADD0EA /* Build configuration list for PBXNativeTarget "MarvelChallengeUITests" */ = {
			isa = XCConfigurationList;
			buildConfigurations = (
				30F47CB42919A38E00ADD0EA /* Debug */,
				30F47CB52919A38E00ADD0EA /* Release */,
			);
			defaultConfigurationIsVisible = 0;
			defaultConfigurationName = Release;
		};
/* End XCConfigurationList section */
	};
	rootObject = 30F47C7B2919A38C00ADD0EA /* Project object */;
}
